// !$*UTF8*$!
{
	archiveVersion = 1;
	classes = {
	};
	objectVersion = 46;
	objects = {

/* Begin PBXBuildFile section */
		1DDD58160DA1D0A300B32029 /* MainMenu.xib in Resources */ = {isa = PBXBuildFile; fileRef = 1DDD58140DA1D0A300B32029 /* MainMenu.xib */; };
		256AC3DA0F4B6AC300CF3369 /* TMAppDelegate.m in Sources */ = {isa = PBXBuildFile; fileRef = 256AC3D90F4B6AC300CF3369 /* TMAppDelegate.m */; };
		883F5B7D18E98AA2008A6064 /* QuartzCore.framework in Frameworks */ = {isa = PBXBuildFile; fileRef = 883F5B7C18E98AA2008A6064 /* QuartzCore.framework */; };
		883F5B7F18E98AA9008A6064 /* Carbon.framework in Frameworks */ = {isa = PBXBuildFile; fileRef = 883F5B7E18E98AA9008A6064 /* Carbon.framework */; };
		883F5B8118E9A1B6008A6064 /* Images.xcassets in Resources */ = {isa = PBXBuildFile; fileRef = 883F5B8018E9A1B6008A6064 /* Images.xcassets */; };
		883F5B8318EA16E3008A6064 /* CHANGELOG in Resources */ = {isa = PBXBuildFile; fileRef = 883F5B8218EA16E3008A6064 /* CHANGELOG */; };
		88D0AC5018EAADC70051BDAA /* dsa_pub.pem in Resources */ = {isa = PBXBuildFile; fileRef = 88D0AC4F18EAADC70051BDAA /* dsa_pub.pem */; };
		8D11072B0486CEB800E47090 /* InfoPlist.strings in Resources */ = {isa = PBXBuildFile; fileRef = 089C165CFE840E0CC02AAC07 /* InfoPlist.strings */; };
		8D11072D0486CEB800E47090 /* main.m in Sources */ = {isa = PBXBuildFile; fileRef = 29B97316FDCFA39411CA2CEA /* main.m */; settings = {ATTRIBUTES = (); }; };
		8D11072F0486CEB800E47090 /* Cocoa.framework in Frameworks */ = {isa = PBXBuildFile; fileRef = 1058C7A1FEA54F0111CA2CBB /* Cocoa.framework */; };
		C940E3F610A05A36001EE8BF /* Debordelizer.icns in Resources */ = {isa = PBXBuildFile; fileRef = C940E3F510A05A36001EE8BF /* Debordelizer.icns */; };
		C9711F00109F4572003125E7 /* MGTransparentWindow.m in Sources */ = {isa = PBXBuildFile; fileRef = C9711EFF109F4572003125E7 /* MGTransparentWindow.m */; };
		C9906E8910A4C2B7003C9798 /* NSApplication+DockIcon.m in Sources */ = {isa = PBXBuildFile; fileRef = C9906E8810A4C2B7003C9798 /* NSApplication+DockIcon.m */; };
		C9906F9210A4D1C6003C9798 /* Sparkle.framework in Frameworks */ = {isa = PBXBuildFile; fileRef = C9906F9110A4D1C6003C9798 /* Sparkle.framework */; };
		C9906F9810A4D1EE003C9798 /* Sparkle.framework in CopyFiles */ = {isa = PBXBuildFile; fileRef = C9906F9110A4D1C6003C9798 /* Sparkle.framework */; };
		C9A3A24E109F67E500E483C0 /* Credits.html in Resources */ = {isa = PBXBuildFile; fileRef = C9A3A24C109F67E500E483C0 /* Credits.html */; };
		C9B629FC10A200C200A67B48 /* Shady_Menu_Dark_Off.png in Resources */ = {isa = PBXBuildFile; fileRef = C9B629FA10A200C200A67B48 /* Shady_Menu_Dark_Off.png */; };
		C9B629FD10A200C200A67B48 /* Shady_Menu_Light_Off.png in Resources */ = {isa = PBXBuildFile; fileRef = C9B629FB10A200C200A67B48 /* Shady_Menu_Light_Off.png */; };
		C9F3742A10A60E5800025D8B /* Shady_Menu_Dark.png in Resources */ = {isa = PBXBuildFile; fileRef = C9F3742810A60E5800025D8B /* Shady_Menu_Dark.png */; };
		C9F3742B10A60E5800025D8B /* Shady_Menu_Light.png in Resources */ = {isa = PBXBuildFile; fileRef = C9F3742910A60E5800025D8B /* Shady_Menu_Light.png */; };
/* End PBXBuildFile section */

/* Begin PBXCopyFilesBuildPhase section */
		C9906FA110A4D205003C9798 /* CopyFiles */ = {
			isa = PBXCopyFilesBuildPhase;
			buildActionMask = 2147483647;
			dstPath = "";
			dstSubfolderSpec = 10;
			files = (
				C9906F9810A4D1EE003C9798 /* Sparkle.framework in CopyFiles */,
			);
			runOnlyForDeploymentPostprocessing = 0;
		};
/* End PBXCopyFilesBuildPhase section */

/* Begin PBXFileReference section */
		089C165DFE840E0CC02AAC07 /* English */ = {isa = PBXFileReference; fileEncoding = 4; lastKnownFileType = text.plist.strings; name = English; path = English.lproj/InfoPlist.strings; sourceTree = "<group>"; };
		1058C7A1FEA54F0111CA2CBB /* Cocoa.framework */ = {isa = PBXFileReference; lastKnownFileType = wrapper.framework; name = Cocoa.framework; path = /System/Library/Frameworks/Cocoa.framework; sourceTree = "<absolute>"; };
		13E42FB307B3F0F600E4EEF1 /* CoreData.framework */ = {isa = PBXFileReference; lastKnownFileType = wrapper.framework; name = CoreData.framework; path = /System/Library/Frameworks/CoreData.framework; sourceTree = "<absolute>"; };
		1DDD58150DA1D0A300B32029 /* English */ = {isa = PBXFileReference; lastKnownFileType = file.xib; name = English; path = English.lproj/MainMenu.xib; sourceTree = "<group>"; };
		256AC3D80F4B6AC300CF3369 /* TMAppDelegate.h */ = {isa = PBXFileReference; fileEncoding = 4; lastKnownFileType = sourcecode.c.h; path = TMAppDelegate.h; sourceTree = "<group>"; };
		256AC3D90F4B6AC300CF3369 /* TMAppDelegate.m */ = {isa = PBXFileReference; fileEncoding = 4; lastKnownFileType = sourcecode.c.objc; path = TMAppDelegate.m; sourceTree = "<group>"; };
		256AC3F00F4B6AF500CF3369 /* Debordelizer_Prefix.pch */ = {isa = PBXFileReference; fileEncoding = 4; lastKnownFileType = sourcecode.c.h; path = Debordelizer_Prefix.pch; sourceTree = "<group>"; };
		29B97316FDCFA39411CA2CEA /* main.m */ = {isa = PBXFileReference; fileEncoding = 4; lastKnownFileType = sourcecode.c.objc; path = main.m; sourceTree = "<group>"; };
		29B97324FDCFA39411CA2CEA /* AppKit.framework */ = {isa = PBXFileReference; lastKnownFileType = wrapper.framework; name = AppKit.framework; path = /System/Library/Frameworks/AppKit.framework; sourceTree = "<absolute>"; };
		29B97325FDCFA39411CA2CEA /* Foundation.framework */ = {isa = PBXFileReference; lastKnownFileType = wrapper.framework; name = Foundation.framework; path = /System/Library/Frameworks/Foundation.framework; sourceTree = "<absolute>"; };
		883F5B7C18E98AA2008A6064 /* QuartzCore.framework */ = {isa = PBXFileReference; lastKnownFileType = wrapper.framework; name = QuartzCore.framework; path = Platforms/MacOSX.platform/Developer/SDKs/MacOSX10.9.sdk/System/Library/Frameworks/QuartzCore.framework; sourceTree = DEVELOPER_DIR; };
		883F5B7E18E98AA9008A6064 /* Carbon.framework */ = {isa = PBXFileReference; lastKnownFileType = wrapper.framework; name = Carbon.framework; path = Platforms/MacOSX.platform/Developer/SDKs/MacOSX10.9.sdk/System/Library/Frameworks/Carbon.framework; sourceTree = DEVELOPER_DIR; };
		883F5B8018E9A1B6008A6064 /* Images.xcassets */ = {isa = PBXFileReference; lastKnownFileType = folder.assetcatalog; name = Images.xcassets; path = Debordelizer/Images.xcassets; sourceTree = "<group>"; };
		883F5B8218EA16E3008A6064 /* CHANGELOG */ = {isa = PBXFileReference; fileEncoding = 4; lastKnownFileType = text; path = CHANGELOG; sourceTree = "<group>"; };
		88D0AC4F18EAADC70051BDAA /* dsa_pub.pem */ = {isa = PBXFileReference; fileEncoding = 4; lastKnownFileType = text; path = dsa_pub.pem; sourceTree = "<group>"; };
		8D1107310486CEB800E47090 /* Debordelizer-Info.plist */ = {isa = PBXFileReference; fileEncoding = 4; lastKnownFileType = text.plist.xml; path = "Debordelizer-Info.plist"; sourceTree = "<group>"; };
		8D1107320486CEB800E47090 /* Debordelizer.app */ = {isa = PBXFileReference; explicitFileType = wrapper.application; includeInIndex = 0; path = Debordelizer.app; sourceTree = BUILT_PRODUCTS_DIR; };
		C9119048109F74D900EE7B84 /* QuartzCore.framework */ = {isa = PBXFileReference; lastKnownFileType = wrapper.framework; name = QuartzCore.framework; path = System/Library/Frameworks/QuartzCore.framework; sourceTree = SDKROOT; };
		C940E3F510A05A36001EE8BF /* Debordelizer.icns */ = {isa = PBXFileReference; lastKnownFileType = image.icns; path = Debordelizer.icns; sourceTree = "<group>"; };
		C9711EFE109F4572003125E7 /* MGTransparentWindow.h */ = {isa = PBXFileReference; fileEncoding = 4; lastKnownFileType = sourcecode.c.h; path = MGTransparentWindow.h; sourceTree = "<group>"; };
		C9711EFF109F4572003125E7 /* MGTransparentWindow.m */ = {isa = PBXFileReference; fileEncoding = 4; lastKnownFileType = sourcecode.c.objc; path = MGTransparentWindow.m; sourceTree = "<group>"; };
		C9906E8710A4C2B7003C9798 /* NSApplication+DockIcon.h */ = {isa = PBXFileReference; fileEncoding = 4; lastKnownFileType = sourcecode.c.h; path = "NSApplication+DockIcon.h"; sourceTree = "<group>"; };
		C9906E8810A4C2B7003C9798 /* NSApplication+DockIcon.m */ = {isa = PBXFileReference; fileEncoding = 4; lastKnownFileType = sourcecode.c.objc; path = "NSApplication+DockIcon.m"; sourceTree = "<group>"; };
		C9906EC910A4C51C003C9798 /* Carbon.framework */ = {isa = PBXFileReference; lastKnownFileType = wrapper.framework; name = Carbon.framework; path = System/Library/Frameworks/Carbon.framework; sourceTree = SDKROOT; };
		C9906F9110A4D1C6003C9798 /* Sparkle.framework */ = {isa = PBXFileReference; lastKnownFileType = wrapper.framework; path = Sparkle.framework; sourceTree = "<group>"; };
		C9A3A24D109F67E500E483C0 /* English */ = {isa = PBXFileReference; fileEncoding = 4; lastKnownFileType = text.html; name = English; path = English.lproj/Credits.html; sourceTree = "<group>"; };
		C9B629FA10A200C200A67B48 /* Shady_Menu_Dark_Off.png */ = {isa = PBXFileReference; lastKnownFileType = image.png; path = Shady_Menu_Dark_Off.png; sourceTree = "<group>"; };
		C9B629FB10A200C200A67B48 /* Shady_Menu_Light_Off.png */ = {isa = PBXFileReference; lastKnownFileType = image.png; path = Shady_Menu_Light_Off.png; sourceTree = "<group>"; };
		C9B62A0F10A2021100A67B48 /* Shady_Menu_Icons.psd */ = {isa = PBXFileReference; lastKnownFileType = file; path = Shady_Menu_Icons.psd; sourceTree = "<group>"; };
		C9F3742810A60E5800025D8B /* Shady_Menu_Dark.png */ = {isa = PBXFileReference; lastKnownFileType = image.png; path = Shady_Menu_Dark.png; sourceTree = "<group>"; };
		C9F3742910A60E5800025D8B /* Shady_Menu_Light.png */ = {isa = PBXFileReference; lastKnownFileType = image.png; path = Shady_Menu_Light.png; sourceTree = "<group>"; };
/* End PBXFileReference section */

/* Begin PBXFrameworksBuildPhase section */
		8D11072E0486CEB800E47090 /* Frameworks */ = {
			isa = PBXFrameworksBuildPhase;
			buildActionMask = 2147483647;
			files = (
				883F5B7F18E98AA9008A6064 /* Carbon.framework in Frameworks */,
				883F5B7D18E98AA2008A6064 /* QuartzCore.framework in Frameworks */,
				8D11072F0486CEB800E47090 /* Cocoa.framework in Frameworks */,
				C9906F9210A4D1C6003C9798 /* Sparkle.framework in Frameworks */,
			);
			runOnlyForDeploymentPostprocessing = 0;
		};
/* End PBXFrameworksBuildPhase section */

/* Begin PBXGroup section */
		080E96DDFE201D6D7F000001 /* Classes */ = {
			isa = PBXGroup;
			children = (
				256AC3D80F4B6AC300CF3369 /* TMAppDelegate.h */,
				256AC3D90F4B6AC300CF3369 /* TMAppDelegate.m */,
				C9711EFE109F4572003125E7 /* MGTransparentWindow.h */,
				C9711EFF109F4572003125E7 /* MGTransparentWindow.m */,
				C9906E8710A4C2B7003C9798 /* NSApplication+DockIcon.h */,
				C9906E8810A4C2B7003C9798 /* NSApplication+DockIcon.m */,
			);
			name = Classes;
			sourceTree = "<group>";
		};
		1058C7A0FEA54F0111CA2CBB /* Linked Frameworks */ = {
			isa = PBXGroup;
			children = (
				C9906F9110A4D1C6003C9798 /* Sparkle.framework */,
				1058C7A1FEA54F0111CA2CBB /* Cocoa.framework */,
				C9119048109F74D900EE7B84 /* QuartzCore.framework */,
				C9906EC910A4C51C003C9798 /* Carbon.framework */,
			);
			name = "Linked Frameworks";
			sourceTree = "<group>";
		};
		1058C7A2FEA54F0111CA2CBB /* Other Frameworks */ = {
			isa = PBXGroup;
			children = (
				29B97324FDCFA39411CA2CEA /* AppKit.framework */,
				13E42FB307B3F0F600E4EEF1 /* CoreData.framework */,
				29B97325FDCFA39411CA2CEA /* Foundation.framework */,
			);
			name = "Other Frameworks";
			sourceTree = "<group>";
		};
		19C28FACFE9D520D11CA2CBB /* Products */ = {
			isa = PBXGroup;
			children = (
				8D1107320486CEB800E47090 /* Debordelizer.app */,
			);
			name = Products;
			sourceTree = "<group>";
		};
		29B97314FDCFA39411CA2CEA /* Shady */ = {
			isa = PBXGroup;
			children = (
				883F5B8218EA16E3008A6064 /* CHANGELOG */,
				080E96DDFE201D6D7F000001 /* Classes */,
				29B97315FDCFA39411CA2CEA /* Other Sources */,
				29B97317FDCFA39411CA2CEA /* Resources */,
				29B97323FDCFA39411CA2CEA /* Frameworks */,
				19C28FACFE9D520D11CA2CBB /* Products */,
			);
			name = Shady;
			sourceTree = "<group>";
		};
		29B97315FDCFA39411CA2CEA /* Other Sources */ = {
			isa = PBXGroup;
			children = (
				256AC3F00F4B6AF500CF3369 /* Debordelizer_Prefix.pch */,
				29B97316FDCFA39411CA2CEA /* main.m */,
			);
			name = "Other Sources";
			sourceTree = "<group>";
		};
		29B97317FDCFA39411CA2CEA /* Resources */ = {
			isa = PBXGroup;
			children = (
				883F5B8018E9A1B6008A6064 /* Images.xcassets */,
				1DDD58140DA1D0A300B32029 /* MainMenu.xib */,
				8D1107310486CEB800E47090 /* Debordelizer-Info.plist */,
				C9A3A24C109F67E500E483C0 /* Credits.html */,
				88D0AC4F18EAADC70051BDAA /* dsa_pub.pem */,
				C9F3743C10A614C700025D8B /* Images */,
				089C165CFE840E0CC02AAC07 /* InfoPlist.strings */,
			);
			name = Resources;
			sourceTree = "<group>";
		};
		29B97323FDCFA39411CA2CEA /* Frameworks */ = {
			isa = PBXGroup;
			children = (
				883F5B7E18E98AA9008A6064 /* Carbon.framework */,
				883F5B7C18E98AA2008A6064 /* QuartzCore.framework */,
				1058C7A0FEA54F0111CA2CBB /* Linked Frameworks */,
				1058C7A2FEA54F0111CA2CBB /* Other Frameworks */,
			);
			name = Frameworks;
			sourceTree = "<group>";
		};
		C9F3743C10A614C700025D8B /* Images */ = {
			isa = PBXGroup;
			children = (
				C940E3F510A05A36001EE8BF /* Debordelizer.icns */,
				C9B629FA10A200C200A67B48 /* Shady_Menu_Dark_Off.png */,
				C9B629FB10A200C200A67B48 /* Shady_Menu_Light_Off.png */,
				C9F3742810A60E5800025D8B /* Shady_Menu_Dark.png */,
				C9F3742910A60E5800025D8B /* Shady_Menu_Light.png */,
				C9B62A0F10A2021100A67B48 /* Shady_Menu_Icons.psd */,
			);
			name = Images;
			sourceTree = "<group>";
		};
/* End PBXGroup section */

/* Begin PBXNativeTarget section */
		8D1107260486CEB800E47090 /* Debordelizer */ = {
			isa = PBXNativeTarget;
			buildConfigurationList = C01FCF4A08A954540054247B /* Build configuration list for PBXNativeTarget "Debordelizer" */;
			buildPhases = (
				8D1107290486CEB800E47090 /* Resources */,
				8D11072C0486CEB800E47090 /* Sources */,
				8D11072E0486CEB800E47090 /* Frameworks */,
				C9906FA110A4D205003C9798 /* CopyFiles */,
				88D0AC5218EAB7820051BDAA /* ShellScript */,
			);
			buildRules = (
			);
			dependencies = (
			);
			name = Debordelizer;
			productInstallPath = "$(HOME)/Applications";
			productName = Shady;
			productReference = 8D1107320486CEB800E47090 /* Debordelizer.app */;
			productType = "com.apple.product-type.application";
		};
/* End PBXNativeTarget section */

/* Begin PBXProject section */
		29B97313FDCFA39411CA2CEA /* Project object */ = {
			isa = PBXProject;
			attributes = {
				LastUpgradeCheck = 0510;
				TargetAttributes = {
					8D1107260486CEB800E47090 = {
						DevelopmentTeam = ZJJM6TRWQ5;
					};
				};
			};
			buildConfigurationList = C01FCF4E08A954540054247B /* Build configuration list for PBXProject "Debordelizer" */;
			compatibilityVersion = "Xcode 3.2";
			developmentRegion = English;
			hasScannedForEncodings = 1;
			knownRegions = (
				en,
			);
			mainGroup = 29B97314FDCFA39411CA2CEA /* Shady */;
			projectDirPath = "";
			projectRoot = "";
			targets = (
				8D1107260486CEB800E47090 /* Debordelizer */,
			);
		};
/* End PBXProject section */

/* Begin PBXResourcesBuildPhase section */
		8D1107290486CEB800E47090 /* Resources */ = {
			isa = PBXResourcesBuildPhase;
			buildActionMask = 2147483647;
			files = (
				8D11072B0486CEB800E47090 /* InfoPlist.strings in Resources */,
				88D0AC5018EAADC70051BDAA /* dsa_pub.pem in Resources */,
				883F5B8118E9A1B6008A6064 /* Images.xcassets in Resources */,
				1DDD58160DA1D0A300B32029 /* MainMenu.xib in Resources */,
				C9A3A24E109F67E500E483C0 /* Credits.html in Resources */,
				C940E3F610A05A36001EE8BF /* Debordelizer.icns in Resources */,
				883F5B8318EA16E3008A6064 /* CHANGELOG in Resources */,
				C9B629FC10A200C200A67B48 /* Shady_Menu_Dark_Off.png in Resources */,
				C9B629FD10A200C200A67B48 /* Shady_Menu_Light_Off.png in Resources */,
				C9F3742A10A60E5800025D8B /* Shady_Menu_Dark.png in Resources */,
				C9F3742B10A60E5800025D8B /* Shady_Menu_Light.png in Resources */,
			);
			runOnlyForDeploymentPostprocessing = 0;
		};
/* End PBXResourcesBuildPhase section */

/* Begin PBXShellScriptBuildPhase section */
		88D0AC5218EAB7820051BDAA /* ShellScript */ = {
			isa = PBXShellScriptBuildPhase;
			buildActionMask = 2147483647;
			files = (
			);
			inputPaths = (
			);
			outputPaths = (
			);
			runOnlyForDeploymentPostprocessing = 0;
			shellPath = /bin/bash;
			shellScript = "#!/bin/bash\n\nzip ${PROJECT_DIR}/Build/Products/Release/Debordelizer.zip ${PROJECT_DIR}/Build/Products/Release/Debordelizer.app\nruby ${PROJECT_DIR}/sign_update.rb ${PROJECT_DIR}/Build/Products/Release/Debordelizer.zip /Users/sychram/Desktop/Dropbox/Developer/_Sparkle_DSA_Keys/dsa_priv.pem";
		};
/* End PBXShellScriptBuildPhase section */

/* Begin PBXSourcesBuildPhase section */
		8D11072C0486CEB800E47090 /* Sources */ = {
			isa = PBXSourcesBuildPhase;
			buildActionMask = 2147483647;
			files = (
				8D11072D0486CEB800E47090 /* main.m in Sources */,
				256AC3DA0F4B6AC300CF3369 /* TMAppDelegate.m in Sources */,
				C9711F00109F4572003125E7 /* MGTransparentWindow.m in Sources */,
				C9906E8910A4C2B7003C9798 /* NSApplication+DockIcon.m in Sources */,
			);
			runOnlyForDeploymentPostprocessing = 0;
		};
/* End PBXSourcesBuildPhase section */

/* Begin PBXVariantGroup section */
		089C165CFE840E0CC02AAC07 /* InfoPlist.strings */ = {
			isa = PBXVariantGroup;
			children = (
				089C165DFE840E0CC02AAC07 /* English */,
			);
			name = InfoPlist.strings;
			sourceTree = "<group>";
		};
		1DDD58140DA1D0A300B32029 /* MainMenu.xib */ = {
			isa = PBXVariantGroup;
			children = (
				1DDD58150DA1D0A300B32029 /* English */,
			);
			name = MainMenu.xib;
			sourceTree = "<group>";
		};
		C9A3A24C109F67E500E483C0 /* Credits.html */ = {
			isa = PBXVariantGroup;
			children = (
				C9A3A24D109F67E500E483C0 /* English */,
			);
			name = Credits.html;
			sourceTree = "<group>";
		};
/* End PBXVariantGroup section */

/* Begin XCBuildConfiguration section */
		C01FCF4B08A954540054247B /* Debug */ = {
			isa = XCBuildConfiguration;
			buildSettings = {
				ALWAYS_SEARCH_USER_PATHS = NO;
				CODE_SIGN_IDENTITY = "";
				COMBINE_HIDPI_IMAGES = YES;
				COPY_PHASE_STRIP = NO;
				DEBUG_INFORMATION_FORMAT = "dwarf-with-dsym";
				FRAMEWORK_SEARCH_PATHS = (
					"$(inherited)",
					"\"$(SRCROOT)\"",
				);
				GCC_DYNAMIC_NO_PIC = NO;
				GCC_ENABLE_FIX_AND_CONTINUE = YES;
				GCC_MODEL_TUNING = G5;
				GCC_OPTIMIZATION_LEVEL = 0;
				GCC_PRECOMPILE_PREFIX_HEADER = YES;
				GCC_PREFIX_HEADER = Debordelizer_Prefix.pch;
				INFOPLIST_FILE = "Debordelizer-Info.plist";
				INSTALL_PATH = "$(HOME)/Applications";
				PRODUCT_NAME = Debordelizer;
				SDKROOT = macosx;
				SYMROOT = "${PROJECT_DIR}/build";
			};
			name = Debug;
		};
		C01FCF4C08A954540054247B /* Release */ = {
			isa = XCBuildConfiguration;
			buildSettings = {
				ALWAYS_SEARCH_USER_PATHS = NO;
				CODE_SIGN_IDENTITY = "";
				COMBINE_HIDPI_IMAGES = YES;
				DEBUG_INFORMATION_FORMAT = "dwarf-with-dsym";
				FRAMEWORK_SEARCH_PATHS = (
					"$(inherited)",
					"\"$(SRCROOT)\"",
				);
				GCC_MODEL_TUNING = G5;
				GCC_PRECOMPILE_PREFIX_HEADER = YES;
				GCC_PREFIX_HEADER = Debordelizer_Prefix.pch;
				INFOPLIST_FILE = "Debordelizer-Info.plist";
				INSTALL_PATH = "$(HOME)/Applications";
				PRODUCT_NAME = Debordelizer;
				SDKROOT = macosx;
				SYMROOT = "${PROJECT_DIR}/build";
			};
			name = Release;
		};
		C01FCF4F08A954540054247B /* Debug */ = {
			isa = XCBuildConfiguration;
			buildSettings = {
				ARCHS = "$(ARCHS_STANDARD_32_64_BIT)";
				GCC_C_LANGUAGE_STANDARD = gnu99;
				GCC_OPTIMIZATION_LEVEL = 0;
				GCC_WARN_ABOUT_RETURN_TYPE = YES;
				GCC_WARN_UNUSED_VARIABLE = YES;
				ONLY_ACTIVE_ARCH = YES;
				PREBINDING = NO;
				SDKROOT = macosx;
				STRINGS_FILE_OUTPUT_ENCODING = "UTF-8";
				VALIDATE_PRODUCT = YES;
			};
			name = Debug;
		};
		C01FCF5008A954540054247B /* Release */ = {
			isa = XCBuildConfiguration;
			buildSettings = {
				ARCHS = "$(ARCHS_STANDARD_32_64_BIT)";
				GCC_C_LANGUAGE_STANDARD = gnu99;
				GCC_OPTIMIZATION_LEVEL = 0;
				GCC_WARN_ABOUT_RETURN_TYPE = YES;
				GCC_WARN_UNUSED_VARIABLE = YES;
				PREBINDING = NO;
				SDKROOT = macosx;
				STRINGS_FILE_OUTPUT_ENCODING = "UTF-8";
				VALIDATE_PRODUCT = YES;
			};
			name = Release;
		};
/* End XCBuildConfiguration section */

/* Begin XCConfigurationList section */
		C01FCF4A08A954540054247B /* Build configuration list for PBXNativeTarget "Debordelizer" */ = {
			isa = XCConfigurationList;
			buildConfigurations = (
				C01FCF4B08A954540054247B /* Debug */,
				C01FCF4C08A954540054247B /* Release */,
			);
			defaultConfigurationIsVisible = 0;
			defaultConfigurationName = Release;
		};
		C01FCF4E08A954540054247B /* Build configuration list for PBXProject "Debordelizer" */ = {
			isa = XCConfigurationList;
			buildConfigurations = (
				C01FCF4F08A954540054247B /* Debug */,
				C01FCF5008A954540054247B /* Release */,
			);
			defaultConfigurationIsVisible = 0;
			defaultConfigurationName = Release;
		};
/* End XCConfigurationList section */
	};
	rootObject = 29B97313FDCFA39411CA2CEA /* Project object */;
}
